
Microsoft Visual Studio Solution File, Format Version 12.00
Project("{2150E333-8FDC-42A3-9474-1A3956D46DE8}") = "01.DomainService", "01.DomainService", "{D5EEA00D-0505-4491-80AE-81264A490ED0}"
EndProject
Project("{2150E333-8FDC-42A3-9474-1A3956D46DE8}") = "02.Infrastructure", "02.Infrastructure", "{A1EEC92A-08FD-4ED2-B41F-96E78F53F2A2}"
EndProject
Project("{2150E333-8FDC-42A3-9474-1A3956D46DE8}") = "00.Domain", "00.Domain", "{1AFE447D-FEAB-401D-BE0A-70D6EF1D9C05}"
EndProject
Project("{2150E333-8FDC-42A3-9474-1A3956D46DE8}") = "03.Test", "03.Test", "{3428ACEC-6072-4B42-AEEC-085C5DCE751F}"
EndProject
Project("{2150E333-8FDC-42A3-9474-1A3956D46DE8}") = "03.01.DomainService", "03.01.DomainService", "{E3578774-31D4-4315-89C7-23A257220601}"
EndProject
Project("{2150E333-8FDC-42A3-9474-1A3956D46DE8}") = "03.02.Infrastructure", "03.02.Infrastructure", "{38E2A255-F037-4799-ADBA-4050AF6297A1}"
EndProject
Project("{2150E333-8FDC-42A3-9474-1A3956D46DE8}") = "03.03.Integration", "03.03.Integration", "{C3885310-1450-4F0E-8A7D-F6FAA3EB19CB}"
EndProject
Project("{FAE04EC0-301F-11D3-BF4B-00C04F79EFBC}") = "BlogApiBackEnd.Domain", "BlogApiBackEnd.Domain\BlogApiBackEnd.Domain.csproj", "{1C22A64B-57A8-45A2-BD04-BA60B4D28A37}"
EndProject
Project("{FAE04EC0-301F-11D3-BF4B-00C04F79EFBC}") = "BlogApiBackEnd.DomainService", "BlogApiBackEnd.DomainService\BlogApiBackEnd.DomainService.csproj", "{746D1FD7-2992-42AC-B937-00D7B17FD417}"
EndProject
Project("{FAE04EC0-301F-11D3-BF4B-00C04F79EFBC}") = "BlogApiBackEnd.Infrastructure.EF", "BlogApiBackEnd.Infrastructure.EF\BlogApiBackEnd.Infrastructure.EF.csproj", "{1991AC09-D559-4584-AC59-D2D38E52744F}"
EndProject
Project("{FAE04EC0-301F-11D3-BF4B-00C04F79EFBC}") = "BlogApiBackEnd.Infrastructure.Api", "BlogApiBackEnd.Infrastructure.Api\BlogApiBackEnd.Infrastructure.Api.csproj", "{39C4BFC9-73EA-4686-AB2A-2AAF4BA65994}"
EndProject
Project("{FAE04EC0-301F-11D3-BF4B-00C04F79EFBC}") = "BlogApiBackEnd.IntegrationTest", "BlogApiBackEnd.IntegrationTest\BlogApiBackEnd.IntegrationTest.csproj", "{1F89C59C-49C6-4308-885A-9427942BDB88}"
EndProject
Project("{FAE04EC0-301F-11D3-BF4B-00C04F79EFBC}") = "BlogApiBackEnd.DomainService.Test", "BlogApiBackEnd.DomainService.Test\BlogApiBackEnd.DomainService.Test.csproj", "{0BADAE27-80F9-487B-8C70-8E88B6694C13}"
EndProject
Global
	GlobalSection(SolutionConfigurationPlatforms) = preSolution
		Debug|Any CPU = Debug|Any CPU
		Release|Any CPU = Release|Any CPU
	EndGlobalSection
	GlobalSection(ProjectConfigurationPlatforms) = postSolution
		{1C22A64B-57A8-45A2-BD04-BA60B4D28A37}.Debug|Any CPU.ActiveCfg = Debug|Any CPU
		{1C22A64B-57A8-45A2-BD04-BA60B4D28A37}.Debug|Any CPU.Build.0 = Debug|Any CPU
		{1C22A64B-57A8-45A2-BD04-BA60B4D28A37}.Release|Any CPU.ActiveCfg = Release|Any CPU
		{1C22A64B-57A8-45A2-BD04-BA60B4D28A37}.Release|Any CPU.Build.0 = Release|Any CPU
		{746D1FD7-2992-42AC-B937-00D7B17FD417}.Debug|Any CPU.ActiveCfg = Debug|Any CPU
		{746D1FD7-2992-42AC-B937-00D7B17FD417}.Debug|Any CPU.Build.0 = Debug|Any CPU
		{746D1FD7-2992-42AC-B937-00D7B17FD417}.Release|Any CPU.ActiveCfg = Release|Any CPU
		{746D1FD7-2992-42AC-B937-00D7B17FD417}.Release|Any CPU.Build.0 = Release|Any CPU
		{1991AC09-D559-4584-AC59-D2D38E52744F}.Debug|Any CPU.ActiveCfg = Debug|Any CPU
		{1991AC09-D559-4584-AC59-D2D38E52744F}.Debug|Any CPU.Build.0 = Debug|Any CPU
		{1991AC09-D559-4584-AC59-D2D38E52744F}.Release|Any CPU.ActiveCfg = Release|Any CPU
		{1991AC09-D559-4584-AC59-D2D38E52744F}.Release|Any CPU.Build.0 = Release|Any CPU
		{39C4BFC9-73EA-4686-AB2A-2AAF4BA65994}.Debug|Any CPU.ActiveCfg = Debug|Any CPU
		{39C4BFC9-73EA-4686-AB2A-2AAF4BA65994}.Debug|Any CPU.Build.0 = Debug|Any CPU
		{39C4BFC9-73EA-4686-AB2A-2AAF4BA65994}.Release|Any CPU.ActiveCfg = Release|Any CPU
		{39C4BFC9-73EA-4686-AB2A-2AAF4BA65994}.Release|Any CPU.Build.0 = Release|Any CPU
		{1F89C59C-49C6-4308-885A-9427942BDB88}.Debug|Any CPU.ActiveCfg = Debug|Any CPU
		{1F89C59C-49C6-4308-885A-9427942BDB88}.Debug|Any CPU.Build.0 = Debug|Any CPU
		{1F89C59C-49C6-4308-885A-9427942BDB88}.Release|Any CPU.ActiveCfg = Release|Any CPU
		{1F89C59C-49C6-4308-885A-9427942BDB88}.Release|Any CPU.Build.0 = Release|Any CPU
		{0BADAE27-80F9-487B-8C70-8E88B6694C13}.Debug|Any CPU.ActiveCfg = Debug|Any CPU
		{0BADAE27-80F9-487B-8C70-8E88B6694C13}.Debug|Any CPU.Build.0 = Debug|Any CPU
		{0BADAE27-80F9-487B-8C70-8E88B6694C13}.Release|Any CPU.ActiveCfg = Release|Any CPU
		{0BADAE27-80F9-487B-8C70-8E88B6694C13}.Release|Any CPU.Build.0 = Release|Any CPU
	EndGlobalSection
	GlobalSection(NestedProjects) = preSolution
		{E3578774-31D4-4315-89C7-23A257220601} = {3428ACEC-6072-4B42-AEEC-085C5DCE751F}
		{38E2A255-F037-4799-ADBA-4050AF6297A1} = {3428ACEC-6072-4B42-AEEC-085C5DCE751F}
		{C3885310-1450-4F0E-8A7D-F6FAA3EB19CB} = {3428ACEC-6072-4B42-AEEC-085C5DCE751F}
		{1C22A64B-57A8-45A2-BD04-BA60B4D28A37} = {1AFE447D-FEAB-401D-BE0A-70D6EF1D9C05}
		{746D1FD7-2992-42AC-B937-00D7B17FD417} = {D5EEA00D-0505-4491-80AE-81264A490ED0}
		{1991AC09-D559-4584-AC59-D2D38E52744F} = {A1EEC92A-08FD-4ED2-B41F-96E78F53F2A2}
		{39C4BFC9-73EA-4686-AB2A-2AAF4BA65994} = {A1EEC92A-08FD-4ED2-B41F-96E78F53F2A2}
		{1F89C59C-49C6-4308-885A-9427942BDB88} = {C3885310-1450-4F0E-8A7D-F6FAA3EB19CB}
		{0BADAE27-80F9-487B-8C70-8E88B6694C13} = {E3578774-31D4-4315-89C7-23A257220601}
	EndGlobalSection
EndGlobal
